
Microsoft Visual Studio Solution File, Format Version 12.00
# Visual Studio Version 16
VisualStudioVersion = 16.0.29613.14
MinimumVisualStudioVersion = 10.0.40219.1
Project("{FAE04EC0-301F-11D3-BF4B-00C04F79EFBC}") = "Software", "Software\Software.csproj", "{B9819ADD-14A0-40E6-97E8-48B016C04205}"
EndProject
Global
	GlobalSection(SolutionConfigurationPlatforms) = preSolution
		Debug|Any CPU = Debug|Any CPU
		Release|Any CPU = Release|Any CPU
	EndGlobalSection
	GlobalSection(ProjectConfigurationPlatforms) = postSolution
		{B9819ADD-14A0-40E6-97E8-48B016C04205}.Debug|Any CPU.ActiveCfg = Debug|Any CPU
		{B9819ADD-14A0-40E6-97E8-48B016C04205}.Debug|Any CPU.Build.0 = Debug|Any CPU
		{B9819ADD-14A0-40E6-97E8-48B016C04205}.Release|Any CPU.ActiveCfg = Release|Any CPU
		{B9819ADD-14A0-40E6-97E8-48B016C04205}.Release|Any CPU.Build.0 = Release|Any CPU
	EndGlobalSection
	GlobalSection(SolutionProperties) = preSolution
		HideSolutionNode = FALSE
	EndGlobalSection
	GlobalSection(ExtensibilityGlobals) = postSolution
		SolutionGuid = {BC419B54-BE5F-4BB4-96A8-CC91FC1140B5}
	EndGlobalSection
EndGlobal
